// !$*UTF8*$!
{
	archiveVersion = 1;
	classes = {
	};
	objectVersion = 52;
	objects = {

/* Begin PBXBuildFile section */
		7E08CE3526A1B3EA00F9F53A /* Lottie in Frameworks */ = {isa = PBXBuildFile; productRef = 7E08CE3426A1B3EA00F9F53A /* Lottie */; };
		7E2EFAE826726E2C005B9962 /* ResultsView.swift in Sources */ = {isa = PBXBuildFile; fileRef = 7E2EFAE726726E2C005B9962 /* ResultsView.swift */; };
		7E4BC6062620EA5700804081 /* Projet_SEIOApp.swift in Sources */ = {isa = PBXBuildFile; fileRef = 7E4BC6052620EA5700804081 /* Projet_SEIOApp.swift */; };
		7E4BC6082620EA5700804081 /* HomeView.swift in Sources */ = {isa = PBXBuildFile; fileRef = 7E4BC6072620EA5700804081 /* HomeView.swift */; };
		7E4BC60A2620EA5A00804081 /* Assets.xcassets in Resources */ = {isa = PBXBuildFile; fileRef = 7E4BC6092620EA5A00804081 /* Assets.xcassets */; };
		7E4BC60D2620EA5A00804081 /* Preview Assets.xcassets in Resources */ = {isa = PBXBuildFile; fileRef = 7E4BC60C2620EA5A00804081 /* Preview Assets.xcassets */; };
		7E4BC6122620EA5A00804081 /* Projet_SEIO.xcdatamodeld in Sources */ = {isa = PBXBuildFile; fileRef = 7E4BC6102620EA5A00804081 /* Projet_SEIO.xcdatamodeld */; };
		7E4BC61D2620EA5A00804081 /* Projet_SEIOTests.swift in Sources */ = {isa = PBXBuildFile; fileRef = 7E4BC61C2620EA5A00804081 /* Projet_SEIOTests.swift */; };
		7E4BC6282620EA5A00804081 /* Projet_SEIOUITests.swift in Sources */ = {isa = PBXBuildFile; fileRef = 7E4BC6272620EA5A00804081 /* Projet_SEIOUITests.swift */; };
		7E4BC6382620EF3100804081 /* InterfaceHelpers.swift in Sources */ = {isa = PBXBuildFile; fileRef = 7E4BC6372620EF3100804081 /* InterfaceHelpers.swift */; };
		7E621EFB267CF94F00E75581 /* SceneDelegate.swift in Sources */ = {isa = PBXBuildFile; fileRef = 7E621EFA267CF94F00E75581 /* SceneDelegate.swift */; };
		7E621EFF268321EF00E75581 /* MoreInfoView.swift in Sources */ = {isa = PBXBuildFile; fileRef = 7E621EFE268321EF00E75581 /* MoreInfoView.swift */; };
		7E621F0226832EED00E75581 /* PDFViewRepresentable.swift in Sources */ = {isa = PBXBuildFile; fileRef = 7E621F0126832EED00E75581 /* PDFViewRepresentable.swift */; };
		7E621F0426832FCE00E75581 /* PDFCreator.swift in Sources */ = {isa = PBXBuildFile; fileRef = 7E621F0326832FCE00E75581 /* PDFCreator.swift */; };
		7E621F062683456D00E75581 /* ShareSheet.swift in Sources */ = {isa = PBXBuildFile; fileRef = 7E621F052683456D00E75581 /* ShareSheet.swift */; };
		7E8DC940264D7D3C00B1FCE1 /* Question.swift in Sources */ = {isa = PBXBuildFile; fileRef = 7E8DC93F264D7D3C00B1FCE1 /* Question.swift */; };
		7E8DC943264D7DD700B1FCE1 /* Bundle-Decodable.swift in Sources */ = {isa = PBXBuildFile; fileRef = 7E8DC942264D7DD700B1FCE1 /* Bundle-Decodable.swift */; };
		7E8DC94A264D999F00B1FCE1 /* LoginView.swift in Sources */ = {isa = PBXBuildFile; fileRef = 7E8DC949264D999F00B1FCE1 /* LoginView.swift */; };
		7E91C08A26A1B29C003ACAFA /* LottieView.swift in Sources */ = {isa = PBXBuildFile; fileRef = 7E91C08926A1B29C003ACAFA /* LottieView.swift */; };
		7E92C98D26667F8700017B66 /* SimpleToast in Frameworks */ = {isa = PBXBuildFile; productRef = 7E92C98C26667F8700017B66 /* SimpleToast */; };
		7EA4029E26943BC700042CF4 /* Localizable.strings in Resources */ = {isa = PBXBuildFile; fileRef = 7EA402A026943BC700042CF4 /* Localizable.strings */; };
		7EA402A22694421A00042CF4 /* questions.json in Resources */ = {isa = PBXBuildFile; fileRef = 7EA402A42694421A00042CF4 /* questions.json */; };
		7EA402A726A1AE4F00042CF4 /* UserPasswordInfos.swift in Sources */ = {isa = PBXBuildFile; fileRef = 7EA402A626A1AE4F00042CF4 /* UserPasswordInfos.swift */; };
		7EA402A926A1B1B400042CF4 /* Computer Work.json in Resources */ = {isa = PBXBuildFile; fileRef = 7EA402A826A1B1B400042CF4 /* Computer Work.json */; };
		7EB7C015267A252B00ACC0B2 /* LoginCredentialsView.swift in Sources */ = {isa = PBXBuildFile; fileRef = 7EB7C014267A252B00ACC0B2 /* LoginCredentialsView.swift */; };
		7EBC30F0266F82920064E4C9 /* QuizReponseView.swift in Sources */ = {isa = PBXBuildFile; fileRef = 7EBC30EF266F82920064E4C9 /* QuizReponseView.swift */; };
		7EBC30F2266F82A70064E4C9 /* EnonceView.swift in Sources */ = {isa = PBXBuildFile; fileRef = 7EBC30F1266F82A70064E4C9 /* EnonceView.swift */; };
		7EC134AC266AB90D00E56950 /* QuestionnaireView.swift in Sources */ = {isa = PBXBuildFile; fileRef = 7EC134AB266AB90D00E56950 /* QuestionnaireView.swift */; };
/* End PBXBuildFile section */

/* Begin PBXContainerItemProxy section */
		7E4BC6192620EA5A00804081 /* PBXContainerItemProxy */ = {
			isa = PBXContainerItemProxy;
			containerPortal = 7E4BC5FA2620EA5700804081 /* Project object */;
			proxyType = 1;
			remoteGlobalIDString = 7E4BC6012620EA5700804081;
			remoteInfo = Projet_SEIO;
		};
		7E4BC6242620EA5A00804081 /* PBXContainerItemProxy */ = {
			isa = PBXContainerItemProxy;
			containerPortal = 7E4BC5FA2620EA5700804081 /* Project object */;
			proxyType = 1;
			remoteGlobalIDString = 7E4BC6012620EA5700804081;
			remoteInfo = Projet_SEIO;
		};
/* End PBXContainerItemProxy section */

/* Begin PBXFileReference section */
		7E2EFAE726726E2C005B9962 /* ResultsView.swift */ = {isa = PBXFileReference; lastKnownFileType = sourcecode.swift; path = ResultsView.swift; sourceTree = "<group>"; };
		7E4BC6022620EA5700804081 /* Projet_SEIO.app */ = {isa = PBXFileReference; explicitFileType = wrapper.application; includeInIndex = 0; path = Projet_SEIO.app; sourceTree = BUILT_PRODUCTS_DIR; };
		7E4BC6052620EA5700804081 /* Projet_SEIOApp.swift */ = {isa = PBXFileReference; lastKnownFileType = sourcecode.swift; path = Projet_SEIOApp.swift; sourceTree = "<group>"; };
		7E4BC6072620EA5700804081 /* HomeView.swift */ = {isa = PBXFileReference; lastKnownFileType = sourcecode.swift; path = HomeView.swift; sourceTree = "<group>"; };
		7E4BC6092620EA5A00804081 /* Assets.xcassets */ = {isa = PBXFileReference; lastKnownFileType = folder.assetcatalog; path = Assets.xcassets; sourceTree = "<group>"; };
		7E4BC60C2620EA5A00804081 /* Preview Assets.xcassets */ = {isa = PBXFileReference; lastKnownFileType = folder.assetcatalog; path = "Preview Assets.xcassets"; sourceTree = "<group>"; };
		7E4BC6112620EA5A00804081 /* Projet_SEIO.xcdatamodel */ = {isa = PBXFileReference; lastKnownFileType = wrapper.xcdatamodel; path = Projet_SEIO.xcdatamodel; sourceTree = "<group>"; };
		7E4BC6132620EA5A00804081 /* Info.plist */ = {isa = PBXFileReference; lastKnownFileType = text.plist.xml; path = Info.plist; sourceTree = "<group>"; };
		7E4BC6182620EA5A00804081 /* Projet_SEIOTests.xctest */ = {isa = PBXFileReference; explicitFileType = wrapper.cfbundle; includeInIndex = 0; path = Projet_SEIOTests.xctest; sourceTree = BUILT_PRODUCTS_DIR; };
		7E4BC61C2620EA5A00804081 /* Projet_SEIOTests.swift */ = {isa = PBXFileReference; lastKnownFileType = sourcecode.swift; path = Projet_SEIOTests.swift; sourceTree = "<group>"; };
		7E4BC61E2620EA5A00804081 /* Info.plist */ = {isa = PBXFileReference; lastKnownFileType = text.plist.xml; path = Info.plist; sourceTree = "<group>"; };
		7E4BC6232620EA5A00804081 /* Projet_SEIOUITests.xctest */ = {isa = PBXFileReference; explicitFileType = wrapper.cfbundle; includeInIndex = 0; path = Projet_SEIOUITests.xctest; sourceTree = BUILT_PRODUCTS_DIR; };
		7E4BC6272620EA5A00804081 /* Projet_SEIOUITests.swift */ = {isa = PBXFileReference; lastKnownFileType = sourcecode.swift; path = Projet_SEIOUITests.swift; sourceTree = "<group>"; };
		7E4BC6292620EA5A00804081 /* Info.plist */ = {isa = PBXFileReference; lastKnownFileType = text.plist.xml; path = Info.plist; sourceTree = "<group>"; };
		7E4BC6372620EF3100804081 /* InterfaceHelpers.swift */ = {isa = PBXFileReference; lastKnownFileType = sourcecode.swift; path = InterfaceHelpers.swift; sourceTree = "<group>"; };
		7E621EFA267CF94F00E75581 /* SceneDelegate.swift */ = {isa = PBXFileReference; lastKnownFileType = sourcecode.swift; path = SceneDelegate.swift; sourceTree = "<group>"; };
		7E621EFE268321EF00E75581 /* MoreInfoView.swift */ = {isa = PBXFileReference; lastKnownFileType = sourcecode.swift; path = MoreInfoView.swift; sourceTree = "<group>"; };
		7E621F0126832EED00E75581 /* PDFViewRepresentable.swift */ = {isa = PBXFileReference; lastKnownFileType = sourcecode.swift; path = PDFViewRepresentable.swift; sourceTree = "<group>"; };
		7E621F0326832FCE00E75581 /* PDFCreator.swift */ = {isa = PBXFileReference; lastKnownFileType = sourcecode.swift; path = PDFCreator.swift; sourceTree = "<group>"; };
		7E621F052683456D00E75581 /* ShareSheet.swift */ = {isa = PBXFileReference; lastKnownFileType = sourcecode.swift; path = ShareSheet.swift; sourceTree = "<group>"; };
		7E8DC93F264D7D3C00B1FCE1 /* Question.swift */ = {isa = PBXFileReference; lastKnownFileType = sourcecode.swift; path = Question.swift; sourceTree = "<group>"; };
		7E8DC942264D7DD700B1FCE1 /* Bundle-Decodable.swift */ = {isa = PBXFileReference; lastKnownFileType = sourcecode.swift; path = "Bundle-Decodable.swift"; sourceTree = "<group>"; };
		7E8DC949264D999F00B1FCE1 /* LoginView.swift */ = {isa = PBXFileReference; lastKnownFileType = sourcecode.swift; path = LoginView.swift; sourceTree = "<group>"; };
		7E91C08926A1B29C003ACAFA /* LottieView.swift */ = {isa = PBXFileReference; lastKnownFileType = sourcecode.swift; path = LottieView.swift; sourceTree = "<group>"; };
		7EA4029F26943BC700042CF4 /* fr */ = {isa = PBXFileReference; lastKnownFileType = text.plist.strings; name = fr; path = fr.lproj/Localizable.strings; sourceTree = "<group>"; };
		7EA402A126943BCA00042CF4 /* en */ = {isa = PBXFileReference; lastKnownFileType = text.plist.strings; name = en; path = en.lproj/Localizable.strings; sourceTree = "<group>"; };
		7EA402A32694421A00042CF4 /* fr */ = {isa = PBXFileReference; lastKnownFileType = text.json; name = fr; path = fr.lproj/questions.json; sourceTree = "<group>"; };
		7EA402A52694421C00042CF4 /* en */ = {isa = PBXFileReference; lastKnownFileType = text.json; name = en; path = en.lproj/questions.json; sourceTree = "<group>"; };
		7EA402A626A1AE4F00042CF4 /* UserPasswordInfos.swift */ = {isa = PBXFileReference; lastKnownFileType = sourcecode.swift; path = UserPasswordInfos.swift; sourceTree = "<group>"; };
		7EA402A826A1B1B400042CF4 /* Computer Work.json */ = {isa = PBXFileReference; fileEncoding = 4; lastKnownFileType = text.json; path = "Computer Work.json"; sourceTree = "<group>"; };
		7EB7C014267A252B00ACC0B2 /* LoginCredentialsView.swift */ = {isa = PBXFileReference; lastKnownFileType = sourcecode.swift; path = LoginCredentialsView.swift; sourceTree = "<group>"; };
		7EBC30EF266F82920064E4C9 /* QuizReponseView.swift */ = {isa = PBXFileReference; lastKnownFileType = sourcecode.swift; path = QuizReponseView.swift; sourceTree = "<group>"; };
		7EBC30F1266F82A70064E4C9 /* EnonceView.swift */ = {isa = PBXFileReference; lastKnownFileType = sourcecode.swift; path = EnonceView.swift; sourceTree = "<group>"; };
		7EBC30F3266F92AF0064E4C9 /* Projet_SEIO.entitlements */ = {isa = PBXFileReference; lastKnownFileType = text.plist.entitlements; path = Projet_SEIO.entitlements; sourceTree = "<group>"; };
		7EC134AB266AB90D00E56950 /* QuestionnaireView.swift */ = {isa = PBXFileReference; lastKnownFileType = sourcecode.swift; path = QuestionnaireView.swift; sourceTree = "<group>"; };
/* End PBXFileReference section */

/* Begin PBXFrameworksBuildPhase section */
		7E4BC5FF2620EA5700804081 /* Frameworks */ = {
			isa = PBXFrameworksBuildPhase;
			buildActionMask = 2147483647;
			files = (
				7E92C98D26667F8700017B66 /* SimpleToast in Frameworks */,
				7E08CE3526A1B3EA00F9F53A /* Lottie in Frameworks */,
			);
			runOnlyForDeploymentPostprocessing = 0;
		};
		7E4BC6152620EA5A00804081 /* Frameworks */ = {
			isa = PBXFrameworksBuildPhase;
			buildActionMask = 2147483647;
			files = (
			);
			runOnlyForDeploymentPostprocessing = 0;
		};
		7E4BC6202620EA5A00804081 /* Frameworks */ = {
			isa = PBXFrameworksBuildPhase;
			buildActionMask = 2147483647;
			files = (
			);
			runOnlyForDeploymentPostprocessing = 0;
		};
/* End PBXFrameworksBuildPhase section */

/* Begin PBXGroup section */
		7E08CE3326A1B3EA00F9F53A /* Frameworks */ = {
			isa = PBXGroup;
			children = (
			);
			name = Frameworks;
			sourceTree = "<group>";
		};
		7E4BC5F92620EA5700804081 = {
			isa = PBXGroup;
			children = (
				7E4BC6042620EA5700804081 /* Projet_SEIO */,
				7E4BC61B2620EA5A00804081 /* Projet_SEIOTests */,
				7E4BC6262620EA5A00804081 /* Projet_SEIOUITests */,
				7E4BC6032620EA5700804081 /* Products */,
				7E08CE3326A1B3EA00F9F53A /* Frameworks */,
			);
			sourceTree = "<group>";
		};
		7E4BC6032620EA5700804081 /* Products */ = {
			isa = PBXGroup;
			children = (
				7E4BC6022620EA5700804081 /* Projet_SEIO.app */,
				7E4BC6182620EA5A00804081 /* Projet_SEIOTests.xctest */,
				7E4BC6232620EA5A00804081 /* Projet_SEIOUITests.xctest */,
			);
			name = Products;
			sourceTree = "<group>";
		};
		7E4BC6042620EA5700804081 /* Projet_SEIO */ = {
			isa = PBXGroup;
			children = (
				7EBC30F3266F92AF0064E4C9 /* Projet_SEIO.entitlements */,
				7E4BC6052620EA5700804081 /* Projet_SEIOApp.swift */,
				7E621EFA267CF94F00E75581 /* SceneDelegate.swift */,
				7EA402A026943BC700042CF4 /* Localizable.strings */,
				7E8DC949264D999F00B1FCE1 /* LoginView.swift */,
				7EB7C014267A252B00ACC0B2 /* LoginCredentialsView.swift */,
				7E4BC6072620EA5700804081 /* HomeView.swift */,
				7E621EFE268321EF00E75581 /* MoreInfoView.swift */,
				7E91C08926A1B29C003ACAFA /* LottieView.swift */,
				7EC134AB266AB90D00E56950 /* QuestionnaireView.swift */,
				7E2EFAE726726E2C005B9962 /* ResultsView.swift */,
				7EA402A626A1AE4F00042CF4 /* UserPasswordInfos.swift */,
				7EBC30F1266F82A70064E4C9 /* EnonceView.swift */,
				7EBC30EF266F82920064E4C9 /* QuizReponseView.swift */,
				7E621F0126832EED00E75581 /* PDFViewRepresentable.swift */,
				7E621F0326832FCE00E75581 /* PDFCreator.swift */,
				7E621F052683456D00E75581 /* ShareSheet.swift */,
				7E4BC6372620EF3100804081 /* InterfaceHelpers.swift */,
				7E8DC942264D7DD700B1FCE1 /* Bundle-Decodable.swift */,
				7E8DC93F264D7D3C00B1FCE1 /* Question.swift */,
				7EA402A42694421A00042CF4 /* questions.json */,
				7E8DC93D264D7D1900B1FCE1 /* Data */,
				7E4BC6092620EA5A00804081 /* Assets.xcassets */,
				7E4BC6132620EA5A00804081 /* Info.plist */,
				7E4BC6102620EA5A00804081 /* Projet_SEIO.xcdatamodeld */,
				7E4BC60B2620EA5A00804081 /* Preview Content */,
			);
			path = Projet_SEIO;
			sourceTree = "<group>";
		};
		7E4BC60B2620EA5A00804081 /* Preview Content */ = {
			isa = PBXGroup;
			children = (
				7E4BC60C2620EA5A00804081 /* Preview Assets.xcassets */,
			);
			path = "Preview Content";
			sourceTree = "<group>";
		};
		7E4BC61B2620EA5A00804081 /* Projet_SEIOTests */ = {
			isa = PBXGroup;
			children = (
				7E4BC61C2620EA5A00804081 /* Projet_SEIOTests.swift */,
				7E4BC61E2620EA5A00804081 /* Info.plist */,
			);
			path = Projet_SEIOTests;
			sourceTree = "<group>";
		};
		7E4BC6262620EA5A00804081 /* Projet_SEIOUITests */ = {
			isa = PBXGroup;
			children = (
				7E4BC6272620EA5A00804081 /* Projet_SEIOUITests.swift */,
				7E4BC6292620EA5A00804081 /* Info.plist */,
			);
			path = Projet_SEIOUITests;
			sourceTree = "<group>";
		};
		7E8DC93D264D7D1900B1FCE1 /* Data */ = {
			isa = PBXGroup;
			children = (
				7EA402A826A1B1B400042CF4 /* Computer Work.json */,
			);
			path = Data;
			sourceTree = "<group>";
		};
/* End PBXGroup section */

/* Begin PBXNativeTarget section */
		7E4BC6012620EA5700804081 /* Projet_SEIO */ = {
			isa = PBXNativeTarget;
			buildConfigurationList = 7E4BC62C2620EA5A00804081 /* Build configuration list for PBXNativeTarget "Projet_SEIO" */;
			buildPhases = (
				7E4BC5FE2620EA5700804081 /* Sources */,
				7E4BC5FF2620EA5700804081 /* Frameworks */,
				7E4BC6002620EA5700804081 /* Resources */,
			);
			buildRules = (
			);
			dependencies = (
			);
			name = Projet_SEIO;
			packageProductDependencies = (
				7E92C98C26667F8700017B66 /* SimpleToast */,
				7E08CE3426A1B3EA00F9F53A /* Lottie */,
			);
			productName = Projet_SEIO;
			productReference = 7E4BC6022620EA5700804081 /* Projet_SEIO.app */;
			productType = "com.apple.product-type.application";
		};
		7E4BC6172620EA5A00804081 /* Projet_SEIOTests */ = {
			isa = PBXNativeTarget;
			buildConfigurationList = 7E4BC62F2620EA5A00804081 /* Build configuration list for PBXNativeTarget "Projet_SEIOTests" */;
			buildPhases = (
				7E4BC6142620EA5A00804081 /* Sources */,
				7E4BC6152620EA5A00804081 /* Frameworks */,
				7E4BC6162620EA5A00804081 /* Resources */,
			);
			buildRules = (
			);
			dependencies = (
				7E4BC61A2620EA5A00804081 /* PBXTargetDependency */,
			);
			name = Projet_SEIOTests;
			productName = Projet_SEIOTests;
			productReference = 7E4BC6182620EA5A00804081 /* Projet_SEIOTests.xctest */;
			productType = "com.apple.product-type.bundle.unit-test";
		};
		7E4BC6222620EA5A00804081 /* Projet_SEIOUITests */ = {
			isa = PBXNativeTarget;
			buildConfigurationList = 7E4BC6322620EA5A00804081 /* Build configuration list for PBXNativeTarget "Projet_SEIOUITests" */;
			buildPhases = (
				7E4BC61F2620EA5A00804081 /* Sources */,
				7E4BC6202620EA5A00804081 /* Frameworks */,
				7E4BC6212620EA5A00804081 /* Resources */,
			);
			buildRules = (
			);
			dependencies = (
				7E4BC6252620EA5A00804081 /* PBXTargetDependency */,
			);
			name = Projet_SEIOUITests;
			productName = Projet_SEIOUITests;
			productReference = 7E4BC6232620EA5A00804081 /* Projet_SEIOUITests.xctest */;
			productType = "com.apple.product-type.bundle.ui-testing";
		};
/* End PBXNativeTarget section */

/* Begin PBXProject section */
		7E4BC5FA2620EA5700804081 /* Project object */ = {
			isa = PBXProject;
			attributes = {
				LastSwiftUpdateCheck = 1250;
				LastUpgradeCheck = 1250;
				TargetAttributes = {
					7E4BC6012620EA5700804081 = {
						CreatedOnToolsVersion = 12.5;
					};
					7E4BC6172620EA5A00804081 = {
						CreatedOnToolsVersion = 12.5;
						TestTargetID = 7E4BC6012620EA5700804081;
					};
					7E4BC6222620EA5A00804081 = {
						CreatedOnToolsVersion = 12.5;
						TestTargetID = 7E4BC6012620EA5700804081;
					};
				};
			};
			buildConfigurationList = 7E4BC5FD2620EA5700804081 /* Build configuration list for PBXProject "Projet_SEIO" */;
			compatibilityVersion = "Xcode 9.3";
			developmentRegion = fr;
			hasScannedForEncodings = 0;
			knownRegions = (
				en,
				Base,
				fr,
			);
			mainGroup = 7E4BC5F92620EA5700804081;
			packageReferences = (
				7E92C98B26667F8700017B66 /* XCRemoteSwiftPackageReference "SimpleToast" */,
				7E91C08B26A1B31E003ACAFA /* XCRemoteSwiftPackageReference "lottie-ios" */,
			);
			productRefGroup = 7E4BC6032620EA5700804081 /* Products */;
			projectDirPath = "";
			projectRoot = "";
			targets = (
				7E4BC6012620EA5700804081 /* Projet_SEIO */,
				7E4BC6172620EA5A00804081 /* Projet_SEIOTests */,
				7E4BC6222620EA5A00804081 /* Projet_SEIOUITests */,
			);
		};
/* End PBXProject section */

/* Begin PBXResourcesBuildPhase section */
		7E4BC6002620EA5700804081 /* Resources */ = {
			isa = PBXResourcesBuildPhase;
			buildActionMask = 2147483647;
			files = (
				7EA402A22694421A00042CF4 /* questions.json in Resources */,
				7EA402A926A1B1B400042CF4 /* Computer Work.json in Resources */,
				7EA4029E26943BC700042CF4 /* Localizable.strings in Resources */,
				7E4BC60D2620EA5A00804081 /* Preview Assets.xcassets in Resources */,
				7E4BC60A2620EA5A00804081 /* Assets.xcassets in Resources */,
			);
			runOnlyForDeploymentPostprocessing = 0;
		};
		7E4BC6162620EA5A00804081 /* Resources */ = {
			isa = PBXResourcesBuildPhase;
			buildActionMask = 2147483647;
			files = (
			);
			runOnlyForDeploymentPostprocessing = 0;
		};
		7E4BC6212620EA5A00804081 /* Resources */ = {
			isa = PBXResourcesBuildPhase;
			buildActionMask = 2147483647;
			files = (
			);
			runOnlyForDeploymentPostprocessing = 0;
		};
/* End PBXResourcesBuildPhase section */

/* Begin PBXSourcesBuildPhase section */
		7E4BC5FE2620EA5700804081 /* Sources */ = {
			isa = PBXSourcesBuildPhase;
			buildActionMask = 2147483647;
			files = (
				7EA402A726A1AE4F00042CF4 /* UserPasswordInfos.swift in Sources */,
				7E8DC940264D7D3C00B1FCE1 /* Question.swift in Sources */,
				7E621F0226832EED00E75581 /* PDFViewRepresentable.swift in Sources */,
				7E4BC6382620EF3100804081 /* InterfaceHelpers.swift in Sources */,
				7EBC30F2266F82A70064E4C9 /* EnonceView.swift in Sources */,
				7EBC30F0266F82920064E4C9 /* QuizReponseView.swift in Sources */,
				7E91C08A26A1B29C003ACAFA /* LottieView.swift in Sources */,
				7EB7C015267A252B00ACC0B2 /* LoginCredentialsView.swift in Sources */,
				7E621EFB267CF94F00E75581 /* SceneDelegate.swift in Sources */,
				7E621F0426832FCE00E75581 /* PDFCreator.swift in Sources */,
				7E4BC6082620EA5700804081 /* HomeView.swift in Sources */,
				7EC134AC266AB90D00E56950 /* QuestionnaireView.swift in Sources */,
				7E8DC943264D7DD700B1FCE1 /* Bundle-Decodable.swift in Sources */,
				7E621F062683456D00E75581 /* ShareSheet.swift in Sources */,
				7E4BC6062620EA5700804081 /* Projet_SEIOApp.swift in Sources */,
				7E621EFF268321EF00E75581 /* MoreInfoView.swift in Sources */,
				7E2EFAE826726E2C005B9962 /* ResultsView.swift in Sources */,
				7E8DC94A264D999F00B1FCE1 /* LoginView.swift in Sources */,
				7E4BC6122620EA5A00804081 /* Projet_SEIO.xcdatamodeld in Sources */,
			);
			runOnlyForDeploymentPostprocessing = 0;
		};
		7E4BC6142620EA5A00804081 /* Sources */ = {
			isa = PBXSourcesBuildPhase;
			buildActionMask = 2147483647;
			files = (
				7E4BC61D2620EA5A00804081 /* Projet_SEIOTests.swift in Sources */,
			);
			runOnlyForDeploymentPostprocessing = 0;
		};
		7E4BC61F2620EA5A00804081 /* Sources */ = {
			isa = PBXSourcesBuildPhase;
			buildActionMask = 2147483647;
			files = (
				7E4BC6282620EA5A00804081 /* Projet_SEIOUITests.swift in Sources */,
			);
			runOnlyForDeploymentPostprocessing = 0;
		};
/* End PBXSourcesBuildPhase section */

/* Begin PBXTargetDependency section */
		7E4BC61A2620EA5A00804081 /* PBXTargetDependency */ = {
			isa = PBXTargetDependency;
			target = 7E4BC6012620EA5700804081 /* Projet_SEIO */;
			targetProxy = 7E4BC6192620EA5A00804081 /* PBXContainerItemProxy */;
		};
		7E4BC6252620EA5A00804081 /* PBXTargetDependency */ = {
			isa = PBXTargetDependency;
			target = 7E4BC6012620EA5700804081 /* Projet_SEIO */;
			targetProxy = 7E4BC6242620EA5A00804081 /* PBXContainerItemProxy */;
		};
/* End PBXTargetDependency section */

/* Begin PBXVariantGroup section */
		7EA402A026943BC700042CF4 /* Localizable.strings */ = {
			isa = PBXVariantGroup;
			children = (
				7EA4029F26943BC700042CF4 /* fr */,
				7EA402A126943BCA00042CF4 /* en */,
			);
			name = Localizable.strings;
			sourceTree = "<group>";
		};
		7EA402A42694421A00042CF4 /* questions.json */ = {
			isa = PBXVariantGroup;
			children = (
				7EA402A32694421A00042CF4 /* fr */,
				7EA402A52694421C00042CF4 /* en */,
			);
			name = questions.json;
			sourceTree = "<group>";
		};
/* End PBXVariantGroup section */

/* Begin XCBuildConfiguration section */
		7E4BC62A2620EA5A00804081 /* Debug */ = {
			isa = XCBuildConfiguration;
			buildSettings = {
				ALWAYS_SEARCH_USER_PATHS = NO;
				CLANG_ANALYZER_NONNULL = YES;
				CLANG_ANALYZER_NUMBER_OBJECT_CONVERSION = YES_AGGRESSIVE;
				CLANG_CXX_LANGUAGE_STANDARD = "gnu++14";
				CLANG_CXX_LIBRARY = "libc++";
				CLANG_ENABLE_MODULES = YES;
				CLANG_ENABLE_OBJC_ARC = YES;
				CLANG_ENABLE_OBJC_WEAK = YES;
				CLANG_WARN_BLOCK_CAPTURE_AUTORELEASING = YES;
				CLANG_WARN_BOOL_CONVERSION = YES;
				CLANG_WARN_COMMA = YES;
				CLANG_WARN_CONSTANT_CONVERSION = YES;
				CLANG_WARN_DEPRECATED_OBJC_IMPLEMENTATIONS = YES;
				CLANG_WARN_DIRECT_OBJC_ISA_USAGE = YES_ERROR;
				CLANG_WARN_DOCUMENTATION_COMMENTS = YES;
				CLANG_WARN_EMPTY_BODY = YES;
				CLANG_WARN_ENUM_CONVERSION = YES;
				CLANG_WARN_INFINITE_RECURSION = YES;
				CLANG_WARN_INT_CONVERSION = YES;
				CLANG_WARN_NON_LITERAL_NULL_CONVERSION = YES;
				CLANG_WARN_OBJC_IMPLICIT_RETAIN_SELF = YES;
				CLANG_WARN_OBJC_LITERAL_CONVERSION = YES;
				CLANG_WARN_OBJC_ROOT_CLASS = YES_ERROR;
				CLANG_WARN_QUOTED_INCLUDE_IN_FRAMEWORK_HEADER = YES;
				CLANG_WARN_RANGE_LOOP_ANALYSIS = YES;
				CLANG_WARN_STRICT_PROTOTYPES = YES;
				CLANG_WARN_SUSPICIOUS_MOVE = YES;
				CLANG_WARN_UNGUARDED_AVAILABILITY = YES_AGGRESSIVE;
				CLANG_WARN_UNREACHABLE_CODE = YES;
				CLANG_WARN__DUPLICATE_METHOD_MATCH = YES;
				COPY_PHASE_STRIP = NO;
				DEBUG_INFORMATION_FORMAT = dwarf;
				ENABLE_STRICT_OBJC_MSGSEND = YES;
				ENABLE_TESTABILITY = YES;
				GCC_C_LANGUAGE_STANDARD = gnu11;
				GCC_DYNAMIC_NO_PIC = NO;
				GCC_NO_COMMON_BLOCKS = YES;
				GCC_OPTIMIZATION_LEVEL = 0;
				GCC_PREPROCESSOR_DEFINITIONS = (
					"DEBUG=1",
					"$(inherited)",
				);
				GCC_WARN_64_TO_32_BIT_CONVERSION = YES;
				GCC_WARN_ABOUT_RETURN_TYPE = YES_ERROR;
				GCC_WARN_UNDECLARED_SELECTOR = YES;
				GCC_WARN_UNINITIALIZED_AUTOS = YES_AGGRESSIVE;
				GCC_WARN_UNUSED_FUNCTION = YES;
				GCC_WARN_UNUSED_VARIABLE = YES;
				IPHONEOS_DEPLOYMENT_TARGET = 14.1;
				MTL_ENABLE_DEBUG_INFO = INCLUDE_SOURCE;
				MTL_FAST_MATH = YES;
				ONLY_ACTIVE_ARCH = YES;
				SDKROOT = iphoneos;
				SWIFT_ACTIVE_COMPILATION_CONDITIONS = DEBUG;
				SWIFT_OPTIMIZATION_LEVEL = "-Onone";
			};
			name = Debug;
		};
		7E4BC62B2620EA5A00804081 /* Release */ = {
			isa = XCBuildConfiguration;
			buildSettings = {
				ALWAYS_SEARCH_USER_PATHS = NO;
				CLANG_ANALYZER_NONNULL = YES;
				CLANG_ANALYZER_NUMBER_OBJECT_CONVERSION = YES_AGGRESSIVE;
				CLANG_CXX_LANGUAGE_STANDARD = "gnu++14";
				CLANG_CXX_LIBRARY = "libc++";
				CLANG_ENABLE_MODULES = YES;
				CLANG_ENABLE_OBJC_ARC = YES;
				CLANG_ENABLE_OBJC_WEAK = YES;
				CLANG_WARN_BLOCK_CAPTURE_AUTORELEASING = YES;
				CLANG_WARN_BOOL_CONVERSION = YES;
				CLANG_WARN_COMMA = YES;
				CLANG_WARN_CONSTANT_CONVERSION = YES;
				CLANG_WARN_DEPRECATED_OBJC_IMPLEMENTATIONS = YES;
				CLANG_WARN_DIRECT_OBJC_ISA_USAGE = YES_ERROR;
				CLANG_WARN_DOCUMENTATION_COMMENTS = YES;
				CLANG_WARN_EMPTY_BODY = YES;
				CLANG_WARN_ENUM_CONVERSION = YES;
				CLANG_WARN_INFINITE_RECURSION = YES;
				CLANG_WARN_INT_CONVERSION = YES;
				CLANG_WARN_NON_LITERAL_NULL_CONVERSION = YES;
				CLANG_WARN_OBJC_IMPLICIT_RETAIN_SELF = YES;
				CLANG_WARN_OBJC_LITERAL_CONVERSION = YES;
				CLANG_WARN_OBJC_ROOT_CLASS = YES_ERROR;
				CLANG_WARN_QUOTED_INCLUDE_IN_FRAMEWORK_HEADER = YES;
				CLANG_WARN_RANGE_LOOP_ANALYSIS = YES;
				CLANG_WARN_STRICT_PROTOTYPES = YES;
				CLANG_WARN_SUSPICIOUS_MOVE = YES;
				CLANG_WARN_UNGUARDED_AVAILABILITY = YES_AGGRESSIVE;
				CLANG_WARN_UNREACHABLE_CODE = YES;
				CLANG_WARN__DUPLICATE_METHOD_MATCH = YES;
				COPY_PHASE_STRIP = NO;
				DEBUG_INFORMATION_FORMAT = "dwarf-with-dsym";
				ENABLE_NS_ASSERTIONS = NO;
				ENABLE_STRICT_OBJC_MSGSEND = YES;
				GCC_C_LANGUAGE_STANDARD = gnu11;
				GCC_NO_COMMON_BLOCKS = YES;
				GCC_WARN_64_TO_32_BIT_CONVERSION = YES;
				GCC_WARN_ABOUT_RETURN_TYPE = YES_ERROR;
				GCC_WARN_UNDECLARED_SELECTOR = YES;
				GCC_WARN_UNINITIALIZED_AUTOS = YES_AGGRESSIVE;
				GCC_WARN_UNUSED_FUNCTION = YES;
				GCC_WARN_UNUSED_VARIABLE = YES;
				IPHONEOS_DEPLOYMENT_TARGET = 14.1;
				MTL_ENABLE_DEBUG_INFO = NO;
				MTL_FAST_MATH = YES;
				SDKROOT = iphoneos;
				SWIFT_COMPILATION_MODE = wholemodule;
				SWIFT_OPTIMIZATION_LEVEL = "-O";
				VALIDATE_PRODUCT = YES;
			};
			name = Release;
		};
		7E4BC62D2620EA5A00804081 /* Debug */ = {
			isa = XCBuildConfiguration;
			buildSettings = {
				ASSETCATALOG_COMPILER_APPICON_NAME = AppIcon;
				ASSETCATALOG_COMPILER_GLOBAL_ACCENT_COLOR_NAME = AccentColor;
				CODE_SIGN_ENTITLEMENTS = Projet_SEIO/Projet_SEIO.entitlements;
				CODE_SIGN_STYLE = Automatic;
				DEVELOPMENT_ASSET_PATHS = "\"Projet_SEIO/Preview Content\"";
				DEVELOPMENT_TEAM = 2NB7KR2A8L;
				ENABLE_PREVIEWS = YES;
				INFOPLIST_FILE = Projet_SEIO/Info.plist;
				IPHONEOS_DEPLOYMENT_TARGET = 14.0;
				LD_RUNPATH_SEARCH_PATHS = (
					"$(inherited)",
					"@executable_path/Frameworks",
				);
				PRODUCT_BUNDLE_IDENTIFIER = "com.romainrbn.Projet-SEIO";
				PRODUCT_NAME = "$(TARGET_NAME)";
				SUPPORTS_MACCATALYST = NO;
				SWIFT_VERSION = 5.0;
				TARGETED_DEVICE_FAMILY = "1,2";
			};
			name = Debug;
		};
		7E4BC62E2620EA5A00804081 /* Release */ = {
			isa = XCBuildConfiguration;
			buildSettings = {
				ASSETCATALOG_COMPILER_APPICON_NAME = AppIcon;
				ASSETCATALOG_COMPILER_GLOBAL_ACCENT_COLOR_NAME = AccentColor;
				CODE_SIGN_ENTITLEMENTS = Projet_SEIO/Projet_SEIO.entitlements;
				CODE_SIGN_STYLE = Automatic;
				DEVELOPMENT_ASSET_PATHS = "\"Projet_SEIO/Preview Content\"";
				DEVELOPMENT_TEAM = 2NB7KR2A8L;
				ENABLE_PREVIEWS = YES;
				INFOPLIST_FILE = Projet_SEIO/Info.plist;
				IPHONEOS_DEPLOYMENT_TARGET = 14.0;
				LD_RUNPATH_SEARCH_PATHS = (
					"$(inherited)",
					"@executable_path/Frameworks",
				);
				PRODUCT_BUNDLE_IDENTIFIER = "com.romainrbn.Projet-SEIO";
				PRODUCT_NAME = "$(TARGET_NAME)";
				SUPPORTS_MACCATALYST = NO;
				SWIFT_VERSION = 5.0;
				TARGETED_DEVICE_FAMILY = "1,2";
			};
			name = Release;
		};
		7E4BC6302620EA5A00804081 /* Debug */ = {
			isa = XCBuildConfiguration;
			buildSettings = {
				ALWAYS_EMBED_SWIFT_STANDARD_LIBRARIES = YES;
				BUNDLE_LOADER = "$(TEST_HOST)";
				CODE_SIGN_STYLE = Automatic;
				DEVELOPMENT_TEAM = 2NB7KR2A8L;
				INFOPLIST_FILE = Projet_SEIOTests/Info.plist;
				IPHONEOS_DEPLOYMENT_TARGET = 14.0;
				LD_RUNPATH_SEARCH_PATHS = (
					"$(inherited)",
					"@executable_path/Frameworks",
					"@loader_path/Frameworks",
				);
				PRODUCT_BUNDLE_IDENTIFIER = "com.romainrbn.Projet-SEIOTests";
				PRODUCT_NAME = "$(TARGET_NAME)";
				SWIFT_VERSION = 5.0;
				TARGETED_DEVICE_FAMILY = "1,2";
				TEST_HOST = "$(BUILT_PRODUCTS_DIR)/Projet_SEIO.app/Projet_SEIO";
			};
			name = Debug;
		};
		7E4BC6312620EA5A00804081 /* Release */ = {
			isa = XCBuildConfiguration;
			buildSettings = {
				ALWAYS_EMBED_SWIFT_STANDARD_LIBRARIES = YES;
				BUNDLE_LOADER = "$(TEST_HOST)";
				CODE_SIGN_STYLE = Automatic;
				DEVELOPMENT_TEAM = 2NB7KR2A8L;
				INFOPLIST_FILE = Projet_SEIOTests/Info.plist;
				IPHONEOS_DEPLOYMENT_TARGET = 14.0;
				LD_RUNPATH_SEARCH_PATHS = (
					"$(inherited)",
					"@executable_path/Frameworks",
					"@loader_path/Frameworks",
				);
				PRODUCT_BUNDLE_IDENTIFIER = "com.romainrbn.Projet-SEIOTests";
				PRODUCT_NAME = "$(TARGET_NAME)";
				SWIFT_VERSION = 5.0;
				TARGETED_DEVICE_FAMILY = "1,2";
				TEST_HOST = "$(BUILT_PRODUCTS_DIR)/Projet_SEIO.app/Projet_SEIO";
			};
			name = Release;
		};
		7E4BC6332620EA5A00804081 /* Debug */ = {
			isa = XCBuildConfiguration;
			buildSettings = {
				ALWAYS_EMBED_SWIFT_STANDARD_LIBRARIES = YES;
				CODE_SIGN_STYLE = Automatic;
				DEVELOPMENT_TEAM = 2NB7KR2A8L;
				INFOPLIST_FILE = Projet_SEIOUITests/Info.plist;
				LD_RUNPATH_SEARCH_PATHS = (
					"$(inherited)",
					"@executable_path/Frameworks",
					"@loader_path/Frameworks",
				);
				PRODUCT_BUNDLE_IDENTIFIER = "com.romainrbn.Projet-SEIOUITests";
				PRODUCT_NAME = "$(TARGET_NAME)";
				SWIFT_VERSION = 5.0;
				TARGETED_DEVICE_FAMILY = "1,2";
				TEST_TARGET_NAME = Projet_SEIO;
			};
			name = Debug;
		};
		7E4BC6342620EA5A00804081 /* Release */ = {
			isa = XCBuildConfiguration;
			buildSettings = {
				ALWAYS_EMBED_SWIFT_STANDARD_LIBRARIES = YES;
				CODE_SIGN_STYLE = Automatic;
				DEVELOPMENT_TEAM = 2NB7KR2A8L;
				INFOPLIST_FILE = Projet_SEIOUITests/Info.plist;
				LD_RUNPATH_SEARCH_PATHS = (
					"$(inherited)",
					"@executable_path/Frameworks",
					"@loader_path/Frameworks",
				);
				PRODUCT_BUNDLE_IDENTIFIER = "com.romainrbn.Projet-SEIOUITests";
				PRODUCT_NAME = "$(TARGET_NAME)";
				SWIFT_VERSION = 5.0;
				TARGETED_DEVICE_FAMILY = "1,2";
				TEST_TARGET_NAME = Projet_SEIO;
			};
			name = Release;
		};
/* End XCBuildConfiguration section */

/* Begin XCConfigurationList section */
		7E4BC5FD2620EA5700804081 /* Build configuration list for PBXProject "Projet_SEIO" */ = {
			isa = XCConfigurationList;
			buildConfigurations = (
				7E4BC62A2620EA5A00804081 /* Debug */,
				7E4BC62B2620EA5A00804081 /* Release */,
			);
			defaultConfigurationIsVisible = 0;
			defaultConfigurationName = Release;
		};
		7E4BC62C2620EA5A00804081 /* Build configuration list for PBXNativeTarget "Projet_SEIO" */ = {
			isa = XCConfigurationList;
			buildConfigurations = (
				7E4BC62D2620EA5A00804081 /* Debug */,
				7E4BC62E2620EA5A00804081 /* Release */,
			);
			defaultConfigurationIsVisible = 0;
			defaultConfigurationName = Release;
		};
		7E4BC62F2620EA5A00804081 /* Build configuration list for PBXNativeTarget "Projet_SEIOTests" */ = {
			isa = XCConfigurationList;
			buildConfigurations = (
				7E4BC6302620EA5A00804081 /* Debug */,
				7E4BC6312620EA5A00804081 /* Release */,
			);
			defaultConfigurationIsVisible = 0;
			defaultConfigurationName = Release;
		};
		7E4BC6322620EA5A00804081 /* Build configuration list for PBXNativeTarget "Projet_SEIOUITests" */ = {
			isa = XCConfigurationList;
			buildConfigurations = (
				7E4BC6332620EA5A00804081 /* Debug */,
				7E4BC6342620EA5A00804081 /* Release */,
			);
			defaultConfigurationIsVisible = 0;
			defaultConfigurationName = Release;
		};
/* End XCConfigurationList section */

/* Begin XCRemoteSwiftPackageReference section */
		7E91C08B26A1B31E003ACAFA /* XCRemoteSwiftPackageReference "lottie-ios" */ = {
			isa = XCRemoteSwiftPackageReference;
			repositoryURL = "https://github.com/airbnb/lottie-ios";
			requirement = {
				kind = upToNextMajorVersion;
				minimumVersion = 3.0.0;
			};
		};
		7E92C98B26667F8700017B66 /* XCRemoteSwiftPackageReference "SimpleToast" */ = {
			isa = XCRemoteSwiftPackageReference;
			repositoryURL = "https://github.com/sanzaru/SimpleToast.git";
			requirement = {
				kind = upToNextMajorVersion;
				minimumVersion = 0.2.1;
			};
		};
/* End XCRemoteSwiftPackageReference section */

/* Begin XCSwiftPackageProductDependency section */
		7E08CE3426A1B3EA00F9F53A /* Lottie */ = {
			isa = XCSwiftPackageProductDependency;
			package = 7E91C08B26A1B31E003ACAFA /* XCRemoteSwiftPackageReference "lottie-ios" */;
			productName = Lottie;
		};
		7E92C98C26667F8700017B66 /* SimpleToast */ = {
			isa = XCSwiftPackageProductDependency;
			package = 7E92C98B26667F8700017B66 /* XCRemoteSwiftPackageReference "SimpleToast" */;
			productName = SimpleToast;
		};
/* End XCSwiftPackageProductDependency section */

/* Begin XCVersionGroup section */
		7E4BC6102620EA5A00804081 /* Projet_SEIO.xcdatamodeld */ = {
			isa = XCVersionGroup;
			children = (
				7E4BC6112620EA5A00804081 /* Projet_SEIO.xcdatamodel */,
			);
			currentVersion = 7E4BC6112620EA5A00804081 /* Projet_SEIO.xcdatamodel */;
			path = Projet_SEIO.xcdatamodeld;
			sourceTree = "<group>";
			versionGroupType = wrapper.xcdatamodel;
		};
/* End XCVersionGroup section */
	};
	rootObject = 7E4BC5FA2620EA5700804081 /* Project object */;
}
